// !$*UTF8*$!
{
	archiveVersion = 1;
	classes = {
	};
	objectVersion = 56;
	objects = {

/* Begin PBXBuildFile section */
		5B469119285E342E00E6948B /* AppDelegate.swift in Sources */ = {isa = PBXBuildFile; fileRef = 5B469118285E342E00E6948B /* AppDelegate.swift */; };
		5B46911B285E342E00E6948B /* SceneDelegate.swift in Sources */ = {isa = PBXBuildFile; fileRef = 5B46911A285E342E00E6948B /* SceneDelegate.swift */; };
		5B46911D285E342E00E6948B /* ViewController.swift in Sources */ = {isa = PBXBuildFile; fileRef = 5B46911C285E342E00E6948B /* ViewController.swift */; };
		5B469120285E342E00E6948B /* Main.storyboard in Resources */ = {isa = PBXBuildFile; fileRef = 5B46911E285E342E00E6948B /* Main.storyboard */; };
		5B469122285E343100E6948B /* Assets.xcassets in Resources */ = {isa = PBXBuildFile; fileRef = 5B469121285E343100E6948B /* Assets.xcassets */; };
		5B469125285E343100E6948B /* LaunchScreen.storyboard in Resources */ = {isa = PBXBuildFile; fileRef = 5B469123285E343100E6948B /* LaunchScreen.storyboard */; };
		5B469133285E34A300E6948B /* MessageFilterExtension.swift in Sources */ = {isa = PBXBuildFile; fileRef = 5B469132285E34A300E6948B /* MessageFilterExtension.swift */; };
		5B469137285E34A300E6948B /* MsgEx.appex in Embed Foundation Extensions */ = {isa = PBXBuildFile; fileRef = 5B469130285E34A300E6948B /* MsgEx.appex */; settings = {ATTRIBUTES = (RemoveHeadersOnCopy, ); }; };
		5B46913F285EBB1F00E6948B /* AppGroupUserDefault.swift in Sources */ = {isa = PBXBuildFile; fileRef = 5B46913E285EBB1F00E6948B /* AppGroupUserDefault.swift */; };
		5B469140285EBB3600E6948B /* AppGroupUserDefault.swift in Sources */ = {isa = PBXBuildFile; fileRef = 5B46913E285EBB1F00E6948B /* AppGroupUserDefault.swift */; };
		5BCA9E5A2860035200AA66E9 /* CapabilitiesTableViewController.swift in Sources */ = {isa = PBXBuildFile; fileRef = 5BCA9E592860035200AA66E9 /* CapabilitiesTableViewController.swift */; };
		5BCA9E5C286058B400AA66E9 /* ConstantName.swift in Sources */ = {isa = PBXBuildFile; fileRef = 5BCA9E5B286058B400AA66E9 /* ConstantName.swift */; };
		5BCA9E5D286058CD00AA66E9 /* ConstantName.swift in Sources */ = {isa = PBXBuildFile; fileRef = 5BCA9E5B286058B400AA66E9 /* ConstantName.swift */; };
		5BCA9E5F2861506400AA66E9 /* KeywordTableViewController.swift in Sources */ = {isa = PBXBuildFile; fileRef = 5BCA9E5E2861506400AA66E9 /* KeywordTableViewController.swift */; };
		5BCA9E62286151BD00AA66E9 /* KeywordListTableViewController.swift in Sources */ = {isa = PBXBuildFile; fileRef = 5BCA9E61286151BD00AA66E9 /* KeywordListTableViewController.swift */; };
		5BCA9E64286152AF00AA66E9 /* KeywordManager.swift in Sources */ = {isa = PBXBuildFile; fileRef = 5BCA9E63286152AF00AA66E9 /* KeywordManager.swift */; };
		5BCA9E652861596500AA66E9 /* KeywordManager.swift in Sources */ = {isa = PBXBuildFile; fileRef = 5BCA9E63286152AF00AA66E9 /* KeywordManager.swift */; };
/* End PBXBuildFile section */

/* Begin PBXContainerItemProxy section */
		5B469135285E34A300E6948B /* PBXContainerItemProxy */ = {
			isa = PBXContainerItemProxy;
			containerPortal = 5B46910D285E342E00E6948B /* Project object */;
			proxyType = 1;
			remoteGlobalIDString = 5B46912F285E34A300E6948B;
			remoteInfo = MsgEx;
		};
/* End PBXContainerItemProxy section */

/* Begin PBXCopyFilesBuildPhase section */
		5B46913B285E34A300E6948B /* Embed Foundation Extensions */ = {
			isa = PBXCopyFilesBuildPhase;
			buildActionMask = 2147483647;
			dstPath = "";
			dstSubfolderSpec = 13;
			files = (
				5B469137285E34A300E6948B /* MsgEx.appex in Embed Foundation Extensions */,
			);
			name = "Embed Foundation Extensions";
			runOnlyForDeploymentPostprocessing = 0;
		};
/* End PBXCopyFilesBuildPhase section */

/* Begin PBXFileReference section */
		5B469115285E342E00E6948B /* MessageFilterTest.app */ = {isa = PBXFileReference; explicitFileType = wrapper.application; includeInIndex = 0; path = MessageFilterTest.app; sourceTree = BUILT_PRODUCTS_DIR; };
		5B469118285E342E00E6948B /* AppDelegate.swift */ = {isa = PBXFileReference; lastKnownFileType = sourcecode.swift; path = AppDelegate.swift; sourceTree = "<group>"; };
		5B46911A285E342E00E6948B /* SceneDelegate.swift */ = {isa = PBXFileReference; lastKnownFileType = sourcecode.swift; path = SceneDelegate.swift; sourceTree = "<group>"; };
		5B46911C285E342E00E6948B /* ViewController.swift */ = {isa = PBXFileReference; lastKnownFileType = sourcecode.swift; path = ViewController.swift; sourceTree = "<group>"; };
		5B46911F285E342E00E6948B /* Base */ = {isa = PBXFileReference; lastKnownFileType = file.storyboard; name = Base; path = Base.lproj/Main.storyboard; sourceTree = "<group>"; };
		5B469121285E343100E6948B /* Assets.xcassets */ = {isa = PBXFileReference; lastKnownFileType = folder.assetcatalog; path = Assets.xcassets; sourceTree = "<group>"; };
		5B469124285E343100E6948B /* Base */ = {isa = PBXFileReference; lastKnownFileType = file.storyboard; name = Base; path = Base.lproj/LaunchScreen.storyboard; sourceTree = "<group>"; };
		5B469126285E343100E6948B /* Info.plist */ = {isa = PBXFileReference; lastKnownFileType = text.plist.xml; path = Info.plist; sourceTree = "<group>"; };
		5B469130285E34A300E6948B /* MsgEx.appex */ = {isa = PBXFileReference; explicitFileType = "wrapper.app-extension"; includeInIndex = 0; path = MsgEx.appex; sourceTree = BUILT_PRODUCTS_DIR; };
		5B469132285E34A300E6948B /* MessageFilterExtension.swift */ = {isa = PBXFileReference; lastKnownFileType = sourcecode.swift; path = MessageFilterExtension.swift; sourceTree = "<group>"; };
		5B469134285E34A300E6948B /* Info.plist */ = {isa = PBXFileReference; lastKnownFileType = text.plist.xml; path = Info.plist; sourceTree = "<group>"; };
		5B46913C285EB27B00E6948B /* MsgEx.entitlements */ = {isa = PBXFileReference; lastKnownFileType = text.plist.entitlements; path = MsgEx.entitlements; sourceTree = "<group>"; };
		5B46913D285EB28E00E6948B /* MessageFilterTest.entitlements */ = {isa = PBXFileReference; lastKnownFileType = text.plist.entitlements; path = MessageFilterTest.entitlements; sourceTree = "<group>"; };
		5B46913E285EBB1F00E6948B /* AppGroupUserDefault.swift */ = {isa = PBXFileReference; lastKnownFileType = sourcecode.swift; path = AppGroupUserDefault.swift; sourceTree = "<group>"; };
		5BCA9E592860035200AA66E9 /* CapabilitiesTableViewController.swift */ = {isa = PBXFileReference; lastKnownFileType = sourcecode.swift; path = CapabilitiesTableViewController.swift; sourceTree = "<group>"; };
		5BCA9E5B286058B400AA66E9 /* ConstantName.swift */ = {isa = PBXFileReference; lastKnownFileType = sourcecode.swift; path = ConstantName.swift; sourceTree = "<group>"; };
		5BCA9E5E2861506400AA66E9 /* KeywordTableViewController.swift */ = {isa = PBXFileReference; lastKnownFileType = sourcecode.swift; path = KeywordTableViewController.swift; sourceTree = "<group>"; };
		5BCA9E61286151BD00AA66E9 /* KeywordListTableViewController.swift */ = {isa = PBXFileReference; lastKnownFileType = sourcecode.swift; path = KeywordListTableViewController.swift; sourceTree = "<group>"; };
		5BCA9E63286152AF00AA66E9 /* KeywordManager.swift */ = {isa = PBXFileReference; lastKnownFileType = sourcecode.swift; path = KeywordManager.swift; sourceTree = "<group>"; };
/* End PBXFileReference section */

/* Begin PBXFrameworksBuildPhase section */
		5B469112285E342E00E6948B /* Frameworks */ = {
			isa = PBXFrameworksBuildPhase;
			buildActionMask = 2147483647;
			files = (
			);
			runOnlyForDeploymentPostprocessing = 0;
		};
		5B46912D285E34A300E6948B /* Frameworks */ = {
			isa = PBXFrameworksBuildPhase;
			buildActionMask = 2147483647;
			files = (
			);
			runOnlyForDeploymentPostprocessing = 0;
		};
/* End PBXFrameworksBuildPhase section */

/* Begin PBXGroup section */
		5B46910C285E342E00E6948B = {
			isa = PBXGroup;
			children = (
				5B469117285E342E00E6948B /* MessageFilterTest */,
				5B469131285E34A300E6948B /* MsgEx */,
				5B469116285E342E00E6948B /* Products */,
			);
			sourceTree = "<group>";
		};
		5B469116285E342E00E6948B /* Products */ = {
			isa = PBXGroup;
			children = (
				5B469115285E342E00E6948B /* MessageFilterTest.app */,
				5B469130285E34A300E6948B /* MsgEx.appex */,
			);
			name = Products;
			sourceTree = "<group>";
		};
		5B469117285E342E00E6948B /* MessageFilterTest */ = {
			isa = PBXGroup;
			children = (
				5BCA9E602861506A00AA66E9 /* Keyword */,
				5BCA9E58286002EF00AA66E9 /* CapabilitiesSubAction */,
				5B46913D285EB28E00E6948B /* MessageFilterTest.entitlements */,
				5B469118285E342E00E6948B /* AppDelegate.swift */,
				5B46911A285E342E00E6948B /* SceneDelegate.swift */,
				5B46911C285E342E00E6948B /* ViewController.swift */,
				5B46913E285EBB1F00E6948B /* AppGroupUserDefault.swift */,
				5BCA9E5B286058B400AA66E9 /* ConstantName.swift */,
				5B46911E285E342E00E6948B /* Main.storyboard */,
				5B469121285E343100E6948B /* Assets.xcassets */,
				5B469123285E343100E6948B /* LaunchScreen.storyboard */,
				5B469126285E343100E6948B /* Info.plist */,
			);
			path = MessageFilterTest;
			sourceTree = "<group>";
		};
		5B469131285E34A300E6948B /* MsgEx */ = {
			isa = PBXGroup;
			children = (
				5B46913C285EB27B00E6948B /* MsgEx.entitlements */,
				5B469132285E34A300E6948B /* MessageFilterExtension.swift */,
				5B469134285E34A300E6948B /* Info.plist */,
			);
			path = MsgEx;
			sourceTree = "<group>";
		};
		5BCA9E58286002EF00AA66E9 /* CapabilitiesSubAction */ = {
			isa = PBXGroup;
			children = (
				5BCA9E592860035200AA66E9 /* CapabilitiesTableViewController.swift */,
			);
			path = CapabilitiesSubAction;
			sourceTree = "<group>";
		};
		5BCA9E602861506A00AA66E9 /* Keyword */ = {
			isa = PBXGroup;
			children = (
				5BCA9E5E2861506400AA66E9 /* KeywordTableViewController.swift */,
				5BCA9E61286151BD00AA66E9 /* KeywordListTableViewController.swift */,
				5BCA9E63286152AF00AA66E9 /* KeywordManager.swift */,
			);
			path = Keyword;
			sourceTree = "<group>";
		};
/* End PBXGroup section */

/* Begin PBXNativeTarget section */
		5B469114285E342E00E6948B /* MessageFilterTest */ = {
			isa = PBXNativeTarget;
			buildConfigurationList = 5B469129285E343100E6948B /* Build configuration list for PBXNativeTarget "MessageFilterTest" */;
			buildPhases = (
				5B469111285E342E00E6948B /* Sources */,
				5B469112285E342E00E6948B /* Frameworks */,
				5B469113285E342E00E6948B /* Resources */,
				5B46913B285E34A300E6948B /* Embed Foundation Extensions */,
			);
			buildRules = (
			);
			dependencies = (
				5B469136285E34A300E6948B /* PBXTargetDependency */,
			);
			name = MessageFilterTest;
			productName = MessageFilterTest;
			productReference = 5B469115285E342E00E6948B /* MessageFilterTest.app */;
			productType = "com.apple.product-type.application";
		};
		5B46912F285E34A300E6948B /* MsgEx */ = {
			isa = PBXNativeTarget;
			buildConfigurationList = 5B469138285E34A300E6948B /* Build configuration list for PBXNativeTarget "MsgEx" */;
			buildPhases = (
				5B46912C285E34A300E6948B /* Sources */,
				5B46912D285E34A300E6948B /* Frameworks */,
				5B46912E285E34A300E6948B /* Resources */,
			);
			buildRules = (
			);
			dependencies = (
			);
			name = MsgEx;
			productName = MsgEx;
			productReference = 5B469130285E34A300E6948B /* MsgEx.appex */;
			productType = "com.apple.product-type.app-extension";
		};
/* End PBXNativeTarget section */

/* Begin PBXProject section */
		5B46910D285E342E00E6948B /* Project object */ = {
			isa = PBXProject;
			attributes = {
				BuildIndependentTargetsInParallel = 1;
				LastSwiftUpdateCheck = 1400;
				LastUpgradeCheck = 1400;
				TargetAttributes = {
					5B469114285E342E00E6948B = {
						CreatedOnToolsVersion = 14.0;
					};
					5B46912F285E34A300E6948B = {
						CreatedOnToolsVersion = 14.0;
					};
				};
			};
			buildConfigurationList = 5B469110285E342E00E6948B /* Build configuration list for PBXProject "MessageFilterTest" */;
			compatibilityVersion = "Xcode 14.0";
			developmentRegion = en;
			hasScannedForEncodings = 0;
			knownRegions = (
				en,
				Base,
			);
			mainGroup = 5B46910C285E342E00E6948B;
			productRefGroup = 5B469116285E342E00E6948B /* Products */;
			projectDirPath = "";
			projectRoot = "";
			targets = (
				5B469114285E342E00E6948B /* MessageFilterTest */,
				5B46912F285E34A300E6948B /* MsgEx */,
			);
		};
/* End PBXProject section */

/* Begin PBXResourcesBuildPhase section */
		5B469113285E342E00E6948B /* Resources */ = {
			isa = PBXResourcesBuildPhase;
			buildActionMask = 2147483647;
			files = (
				5B469125285E343100E6948B /* LaunchScreen.storyboard in Resources */,
				5B469122285E343100E6948B /* Assets.xcassets in Resources */,
				5B469120285E342E00E6948B /* Main.storyboard in Resources */,
			);
			runOnlyForDeploymentPostprocessing = 0;
		};
		5B46912E285E34A300E6948B /* Resources */ = {
			isa = PBXResourcesBuildPhase;
			buildActionMask = 2147483647;
			files = (
			);
			runOnlyForDeploymentPostprocessing = 0;
		};
/* End PBXResourcesBuildPhase section */

/* Begin PBXSourcesBuildPhase section */
		5B469111285E342E00E6948B /* Sources */ = {
			isa = PBXSourcesBuildPhase;
			buildActionMask = 2147483647;
			files = (
				5BCA9E5F2861506400AA66E9 /* KeywordTableViewController.swift in Sources */,
				5B46911D285E342E00E6948B /* ViewController.swift in Sources */,
				5B469119285E342E00E6948B /* AppDelegate.swift in Sources */,
				5BCA9E5A2860035200AA66E9 /* CapabilitiesTableViewController.swift in Sources */,
				5B46913F285EBB1F00E6948B /* AppGroupUserDefault.swift in Sources */,
				5BCA9E5C286058B400AA66E9 /* ConstantName.swift in Sources */,
				5B46911B285E342E00E6948B /* SceneDelegate.swift in Sources */,
				5BCA9E64286152AF00AA66E9 /* KeywordManager.swift in Sources */,
				5BCA9E62286151BD00AA66E9 /* KeywordListTableViewController.swift in Sources */,
			);
			runOnlyForDeploymentPostprocessing = 0;
		};
		5B46912C285E34A300E6948B /* Sources */ = {
			isa = PBXSourcesBuildPhase;
			buildActionMask = 2147483647;
			files = (
				5B469140285EBB3600E6948B /* AppGroupUserDefault.swift in Sources */,
				5BCA9E5D286058CD00AA66E9 /* ConstantName.swift in Sources */,
				5B469133285E34A300E6948B /* MessageFilterExtension.swift in Sources */,
				5BCA9E652861596500AA66E9 /* KeywordManager.swift in Sources */,
			);
			runOnlyForDeploymentPostprocessing = 0;
		};
/* End PBXSourcesBuildPhase section */

/* Begin PBXTargetDependency section */
		5B469136285E34A300E6948B /* PBXTargetDependency */ = {
			isa = PBXTargetDependency;
			target = 5B46912F285E34A300E6948B /* MsgEx */;
			targetProxy = 5B469135285E34A300E6948B /* PBXContainerItemProxy */;
		};
/* End PBXTargetDependency section */

/* Begin PBXVariantGroup section */
		5B46911E285E342E00E6948B /* Main.storyboard */ = {
			isa = PBXVariantGroup;
			children = (
				5B46911F285E342E00E6948B /* Base */,
			);
			name = Main.storyboard;
			sourceTree = "<group>";
		};
		5B469123285E343100E6948B /* LaunchScreen.storyboard */ = {
			isa = PBXVariantGroup;
			children = (
				5B469124285E343100E6948B /* Base */,
			);
			name = LaunchScreen.storyboard;
			sourceTree = "<group>";
		};
/* End PBXVariantGroup section */

/* Begin XCBuildConfiguration section */
		5B469127285E343100E6948B /* Debug */ = {
			isa = XCBuildConfiguration;
			buildSettings = {
				ALWAYS_SEARCH_USER_PATHS = NO;
				CLANG_ANALYZER_NONNULL = YES;
				CLANG_ANALYZER_NUMBER_OBJECT_CONVERSION = YES_AGGRESSIVE;
				CLANG_CXX_LANGUAGE_STANDARD = "gnu++17";
				CLANG_ENABLE_MODULES = YES;
				CLANG_ENABLE_OBJC_ARC = YES;
				CLANG_ENABLE_OBJC_WEAK = YES;
				CLANG_WARN_BLOCK_CAPTURE_AUTORELEASING = YES;
				CLANG_WARN_BOOL_CONVERSION = YES;
				CLANG_WARN_COMMA = YES;
				CLANG_WARN_CONSTANT_CONVERSION = YES;
				CLANG_WARN_DEPRECATED_OBJC_IMPLEMENTATIONS = YES;
				CLANG_WARN_DIRECT_OBJC_ISA_USAGE = YES_ERROR;
				CLANG_WARN_DOCUMENTATION_COMMENTS = YES;
				CLANG_WARN_EMPTY_BODY = YES;
				CLANG_WARN_ENUM_CONVERSION = YES;
				CLANG_WARN_INFINITE_RECURSION = YES;
				CLANG_WARN_INT_CONVERSION = YES;
				CLANG_WARN_NON_LITERAL_NULL_CONVERSION = YES;
				CLANG_WARN_OBJC_IMPLICIT_RETAIN_SELF = YES;
				CLANG_WARN_OBJC_LITERAL_CONVERSION = YES;
				CLANG_WARN_OBJC_ROOT_CLASS = YES_ERROR;
				CLANG_WARN_QUOTED_INCLUDE_IN_FRAMEWORK_HEADER = YES;
				CLANG_WARN_RANGE_LOOP_ANALYSIS = YES;
				CLANG_WARN_STRICT_PROTOTYPES = YES;
				CLANG_WARN_SUSPICIOUS_MOVE = YES;
				CLANG_WARN_UNGUARDED_AVAILABILITY = YES_AGGRESSIVE;
				CLANG_WARN_UNREACHABLE_CODE = YES;
				CLANG_WARN__DUPLICATE_METHOD_MATCH = YES;
				COPY_PHASE_STRIP = NO;
				DEBUG_INFORMATION_FORMAT = dwarf;
				ENABLE_STRICT_OBJC_MSGSEND = YES;
				ENABLE_TESTABILITY = YES;
				GCC_C_LANGUAGE_STANDARD = gnu11;
				GCC_DYNAMIC_NO_PIC = NO;
				GCC_NO_COMMON_BLOCKS = YES;
				GCC_OPTIMIZATION_LEVEL = 0;
				GCC_PREPROCESSOR_DEFINITIONS = (
					"DEBUG=1",
					"$(inherited)",
				);
				GCC_WARN_64_TO_32_BIT_CONVERSION = YES;
				GCC_WARN_ABOUT_RETURN_TYPE = YES_ERROR;
				GCC_WARN_UNDECLARED_SELECTOR = YES;
				GCC_WARN_UNINITIALIZED_AUTOS = YES_AGGRESSIVE;
				GCC_WARN_UNUSED_FUNCTION = YES;
				GCC_WARN_UNUSED_VARIABLE = YES;
				IPHONEOS_DEPLOYMENT_TARGET = 16.0;
				MTL_ENABLE_DEBUG_INFO = INCLUDE_SOURCE;
				MTL_FAST_MATH = YES;
				ONLY_ACTIVE_ARCH = YES;
				SDKROOT = iphoneos;
				SWIFT_ACTIVE_COMPILATION_CONDITIONS = DEBUG;
				SWIFT_OPTIMIZATION_LEVEL = "-Onone";
			};
			name = Debug;
		};
		5B469128285E343100E6948B /* Release */ = {
			isa = XCBuildConfiguration;
			buildSettings = {
				ALWAYS_SEARCH_USER_PATHS = NO;
				CLANG_ANALYZER_NONNULL = YES;
				CLANG_ANALYZER_NUMBER_OBJECT_CONVERSION = YES_AGGRESSIVE;
				CLANG_CXX_LANGUAGE_STANDARD = "gnu++17";
				CLANG_ENABLE_MODULES = YES;
				CLANG_ENABLE_OBJC_ARC = YES;
				CLANG_ENABLE_OBJC_WEAK = YES;
				CLANG_WARN_BLOCK_CAPTURE_AUTORELEASING = YES;
				CLANG_WARN_BOOL_CONVERSION = YES;
				CLANG_WARN_COMMA = YES;
				CLANG_WARN_CONSTANT_CONVERSION = YES;
				CLANG_WARN_DEPRECATED_OBJC_IMPLEMENTATIONS = YES;
				CLANG_WARN_DIRECT_OBJC_ISA_USAGE = YES_ERROR;
				CLANG_WARN_DOCUMENTATION_COMMENTS = YES;
				CLANG_WARN_EMPTY_BODY = YES;
				CLANG_WARN_ENUM_CONVERSION = YES;
				CLANG_WARN_INFINITE_RECURSION = YES;
				CLANG_WARN_INT_CONVERSION = YES;
				CLANG_WARN_NON_LITERAL_NULL_CONVERSION = YES;
				CLANG_WARN_OBJC_IMPLICIT_RETAIN_SELF = YES;
				CLANG_WARN_OBJC_LITERAL_CONVERSION = YES;
				CLANG_WARN_OBJC_ROOT_CLASS = YES_ERROR;
				CLANG_WARN_QUOTED_INCLUDE_IN_FRAMEWORK_HEADER = YES;
				CLANG_WARN_RANGE_LOOP_ANALYSIS = YES;
				CLANG_WARN_STRICT_PROTOTYPES = YES;
				CLANG_WARN_SUSPICIOUS_MOVE = YES;
				CLANG_WARN_UNGUARDED_AVAILABILITY = YES_AGGRESSIVE;
				CLANG_WARN_UNREACHABLE_CODE = YES;
				CLANG_WARN__DUPLICATE_METHOD_MATCH = YES;
				COPY_PHASE_STRIP = NO;
				DEBUG_INFORMATION_FORMAT = "dwarf-with-dsym";
				ENABLE_NS_ASSERTIONS = NO;
				ENABLE_STRICT_OBJC_MSGSEND = YES;
				GCC_C_LANGUAGE_STANDARD = gnu11;
				GCC_NO_COMMON_BLOCKS = YES;
				GCC_WARN_64_TO_32_BIT_CONVERSION = YES;
				GCC_WARN_ABOUT_RETURN_TYPE = YES_ERROR;
				GCC_WARN_UNDECLARED_SELECTOR = YES;
				GCC_WARN_UNINITIALIZED_AUTOS = YES_AGGRESSIVE;
				GCC_WARN_UNUSED_FUNCTION = YES;
				GCC_WARN_UNUSED_VARIABLE = YES;
				IPHONEOS_DEPLOYMENT_TARGET = 16.0;
				MTL_ENABLE_DEBUG_INFO = NO;
				MTL_FAST_MATH = YES;
				SDKROOT = iphoneos;
				SWIFT_COMPILATION_MODE = wholemodule;
				SWIFT_OPTIMIZATION_LEVEL = "-O";
				VALIDATE_PRODUCT = YES;
			};
			name = Release;
		};
		5B46912A285E343100E6948B /* Debug */ = {
			isa = XCBuildConfiguration;
			buildSettings = {
				ALWAYS_EMBED_SWIFT_STANDARD_LIBRARIES = YES;
				ASSETCATALOG_COMPILER_APPICON_NAME = AppIcon;
				ASSETCATALOG_COMPILER_GLOBAL_ACCENT_COLOR_NAME = AccentColor;
				CODE_SIGN_ENTITLEMENTS = MessageFilterTest/MessageFilterTest.entitlements;
				CODE_SIGN_IDENTITY = "Apple Development";
				CODE_SIGN_STYLE = Manual;
				CURRENT_PROJECT_VERSION = 1;
				DEVELOPMENT_TEAM = "";
				GENERATE_INFOPLIST_FILE = YES;
				INFOPLIST_FILE = MessageFilterTest/Info.plist;
				INFOPLIST_KEY_NSFileProviderDomainUsageDescription = "访问域名";
				INFOPLIST_KEY_UIApplicationSupportsIndirectInputEvents = YES;
				INFOPLIST_KEY_UILaunchStoryboardName = LaunchScreen;
				INFOPLIST_KEY_UIMainStoryboardFile = Main;
				INFOPLIST_KEY_UISupportedInterfaceOrientations_iPad = "UIInterfaceOrientationPortrait UIInterfaceOrientationPortraitUpsideDown UIInterfaceOrientationLandscapeLeft UIInterfaceOrientationLandscapeRight";
				INFOPLIST_KEY_UISupportedInterfaceOrientations_iPhone = "UIInterfaceOrientationPortrait UIInterfaceOrientationLandscapeLeft UIInterfaceOrientationLandscapeRight";
				LD_RUNPATH_SEARCH_PATHS = (
					"$(inherited)",
					"@executable_path/Frameworks",
				);
				MARKETING_VERSION = 1.0;
				PRODUCT_BUNDLE_IDENTIFIER = com.company.MessageFilterTest;
				PRODUCT_NAME = "$(TARGET_NAME)";
				PROVISIONING_PROFILE_SPECIFIER = "";
				SWIFT_EMIT_LOC_STRINGS = YES;
				SWIFT_VERSION = 5.0;
				TARGETED_DEVICE_FAMILY = "1,2";
			};
			name = Debug;
		};
		5B46912B285E343100E6948B /* Release */ = {
			isa = XCBuildConfiguration;
			buildSettings = {
				ALWAYS_EMBED_SWIFT_STANDARD_LIBRARIES = YES;
				ASSETCATALOG_COMPILER_APPICON_NAME = AppIcon;
				ASSETCATALOG_COMPILER_GLOBAL_ACCENT_COLOR_NAME = AccentColor;
				CODE_SIGN_ENTITLEMENTS = MessageFilterTest/MessageFilterTest.entitlements;
				CODE_SIGN_IDENTITY = "Apple Development";
				CODE_SIGN_STYLE = Manual;
				CURRENT_PROJECT_VERSION = 1;
				DEVELOPMENT_TEAM = "";
				GENERATE_INFOPLIST_FILE = YES;
				INFOPLIST_FILE = MessageFilterTest/Info.plist;
				INFOPLIST_KEY_NSFileProviderDomainUsageDescription = "访问域名";
				INFOPLIST_KEY_UIApplicationSupportsIndirectInputEvents = YES;
				INFOPLIST_KEY_UILaunchStoryboardName = LaunchScreen;
				INFOPLIST_KEY_UIMainStoryboardFile = Main;
				INFOPLIST_KEY_UISupportedInterfaceOrientations_iPad = "UIInterfaceOrientationPortrait UIInterfaceOrientationPortraitUpsideDown UIInterfaceOrientationLandscapeLeft UIInterfaceOrientationLandscapeRight";
				INFOPLIST_KEY_UISupportedInterfaceOrientations_iPhone = "UIInterfaceOrientationPortrait UIInterfaceOrientationLandscapeLeft UIInterfaceOrientationLandscapeRight";
				LD_RUNPATH_SEARCH_PATHS = (
					"$(inherited)",
					"@executable_path/Frameworks",
				);
				MARKETING_VERSION = 1.0;
				PRODUCT_BUNDLE_IDENTIFIER = com.company.MessageFilterTest;
				PRODUCT_NAME = "$(TARGET_NAME)";
				PROVISIONING_PROFILE_SPECIFIER = "";
				SWIFT_EMIT_LOC_STRINGS = YES;
				SWIFT_VERSION = 5.0;
				TARGETED_DEVICE_FAMILY = "1,2";
			};
			name = Release;
		};
		5B469139285E34A300E6948B /* Debug */ = {
			isa = XCBuildConfiguration;
			buildSettings = {
				CODE_SIGN_ENTITLEMENTS = MsgEx/MsgEx.entitlements;
				CODE_SIGN_IDENTITY = "Apple Development";
				CODE_SIGN_STYLE = Manual;
				CURRENT_PROJECT_VERSION = 1;
				DEVELOPMENT_TEAM = "";
				GENERATE_INFOPLIST_FILE = YES;
				INFOPLIST_FILE = MsgEx/Info.plist;
				INFOPLIST_KEY_CFBundleDisplayName = MsgEx;
				INFOPLIST_KEY_NSHumanReadableCopyright = "";
				LD_RUNPATH_SEARCH_PATHS = (
					"$(inherited)",
					"@executable_path/Frameworks",
					"@executable_path/../../Frameworks",
				);
				MARKETING_VERSION = 1.0;
				PRODUCT_BUNDLE_IDENTIFIER = com.company.MessageFilterTest.MsgEx;
				PRODUCT_NAME = "$(TARGET_NAME)";
				PROVISIONING_PROFILE_SPECIFIER = "";
				SKIP_INSTALL = YES;
				SWIFT_EMIT_LOC_STRINGS = YES;
				SWIFT_VERSION = 5.0;
				TARGETED_DEVICE_FAMILY = "1,2";
			};
			name = Debug;
		};
		5B46913A285E34A300E6948B /* Release */ = {
			isa = XCBuildConfiguration;
			buildSettings = {
				CODE_SIGN_ENTITLEMENTS = MsgEx/MsgEx.entitlements;
				CODE_SIGN_IDENTITY = "Apple Development";
				CODE_SIGN_STYLE = Manual;
				CURRENT_PROJECT_VERSION = 1;
				DEVELOPMENT_TEAM = "";
				GENERATE_INFOPLIST_FILE = YES;
				INFOPLIST_FILE = MsgEx/Info.plist;
				INFOPLIST_KEY_CFBundleDisplayName = MsgEx;
				INFOPLIST_KEY_NSHumanReadableCopyright = "";
				LD_RUNPATH_SEARCH_PATHS = (
					"$(inherited)",
					"@executable_path/Frameworks",
					"@executable_path/../../Frameworks",
				);
				MARKETING_VERSION = 1.0;
				PRODUCT_BUNDLE_IDENTIFIER = com.company.MessageFilterTest.MsgEx;
				PRODUCT_NAME = "$(TARGET_NAME)";
				PROVISIONING_PROFILE_SPECIFIER = "";
				SKIP_INSTALL = YES;
				SWIFT_EMIT_LOC_STRINGS = YES;
				SWIFT_VERSION = 5.0;
				TARGETED_DEVICE_FAMILY = "1,2";
			};
			name = Release;
		};
/* End XCBuildConfiguration section */

/* Begin XCConfigurationList section */
		5B469110285E342E00E6948B /* Build configuration list for PBXProject "MessageFilterTest" */ = {
			isa = XCConfigurationList;
			buildConfigurations = (
				5B469127285E343100E6948B /* Debug */,
				5B469128285E343100E6948B /* Release */,
			);
			defaultConfigurationIsVisible = 0;
			defaultConfigurationName = Release;
		};
		5B469129285E343100E6948B /* Build configuration list for PBXNativeTarget "MessageFilterTest" */ = {
			isa = XCConfigurationList;
			buildConfigurations = (
				5B46912A285E343100E6948B /* Debug */,
				5B46912B285E343100E6948B /* Release */,
			);
			defaultConfigurationIsVisible = 0;
			defaultConfigurationName = Release;
		};
		5B469138285E34A300E6948B /* Build configuration list for PBXNativeTarget "MsgEx" */ = {
			isa = XCConfigurationList;
			buildConfigurations = (
				5B469139285E34A300E6948B /* Debug */,
				5B46913A285E34A300E6948B /* Release */,
			);
			defaultConfigurationIsVisible = 0;
			defaultConfigurationName = Release;
		};
/* End XCConfigurationList section */
	};
	rootObject = 5B46910D285E342E00E6948B /* Project object */;
}
